
Microsoft Visual Studio Solution File, Format Version 12.00
# Visual Studio Version 17
VisualStudioVersion = 17.7.34031.279
MinimumVisualStudioVersion = 10.0.40219.1
Project("{FAE04EC0-301F-11D3-BF4B-00C04F79EFBC}") = "API", "SelfPractice\API.csproj", "{0F2025AC-CE67-40D4-882E-7377AFF16A3B}"
EndProject
Project("{FAE04EC0-301F-11D3-BF4B-00C04F79EFBC}") = "Data", "Data\Data.csproj", "{98DA19AD-CA42-435C-AD73-40E19F7DC4C8}"
EndProject
Project("{FAE04EC0-301F-11D3-BF4B-00C04F79EFBC}") = "Models", "Domain\Models.csproj", "{00B7EF80-1B70-4001-B422-96E6EC39771A}"
EndProject
Global
	GlobalSection(SolutionConfigurationPlatforms) = preSolution
		Debug|Any CPU = Debug|Any CPU
		Release|Any CPU = Release|Any CPU
	EndGlobalSection
	GlobalSection(ProjectConfigurationPlatforms) = postSolution
		{0F2025AC-CE67-40D4-882E-7377AFF16A3B}.Debug|Any CPU.ActiveCfg = Debug|Any CPU
		{0F2025AC-CE67-40D4-882E-7377AFF16A3B}.Debug|Any CPU.Build.0 = Debug|Any CPU
		{0F2025AC-CE67-40D4-882E-7377AFF16A3B}.Release|Any CPU.ActiveCfg = Release|Any CPU
		{0F2025AC-CE67-40D4-882E-7377AFF16A3B}.Release|Any CPU.Build.0 = Release|Any CPU
		{98DA19AD-CA42-435C-AD73-40E19F7DC4C8}.Debug|Any CPU.ActiveCfg = Debug|Any CPU
		{98DA19AD-CA42-435C-AD73-40E19F7DC4C8}.Debug|Any CPU.Build.0 = Debug|Any CPU
		{98DA19AD-CA42-435C-AD73-40E19F7DC4C8}.Release|Any CPU.ActiveCfg = Release|Any CPU
		{98DA19AD-CA42-435C-AD73-40E19F7DC4C8}.Release|Any CPU.Build.0 = Release|Any CPU
		{00B7EF80-1B70-4001-B422-96E6EC39771A}.Debug|Any CPU.ActiveCfg = Debug|Any CPU
		{00B7EF80-1B70-4001-B422-96E6EC39771A}.Debug|Any CPU.Build.0 = Debug|Any CPU
		{00B7EF80-1B70-4001-B422-96E6EC39771A}.Release|Any CPU.ActiveCfg = Release|Any CPU
		{00B7EF80-1B70-4001-B422-96E6EC39771A}.Release|Any CPU.Build.0 = Release|Any CPU
	EndGlobalSection
	GlobalSection(SolutionProperties) = preSolution
		HideSolutionNode = FALSE
	EndGlobalSection
	GlobalSection(ExtensibilityGlobals) = postSolution
		SolutionGuid = {F951BCE6-8D7B-4B35-86D8-5CFC3C3201D9}
	EndGlobalSection
EndGlobal
